
Microsoft Visual Studio Solution File, Format Version 11.00
# Visual Studio 2010
Project("{FAE04EC0-301F-11D3-BF4B-00C04F79EFBC}") = "Shooter(Final)", "Assembly-CSharp.csproj", "{A9873BFA-5B3C-C135-B81F-FAF4305267C8}"
EndProject
Project("{FAE04EC0-301F-11D3-BF4B-00C04F79EFBC}") = "Shooter(Final)", "Assembly-CSharp-firstpass.csproj", "{A73D2B2B-9754-E6AB-0EDB-E7BBE4D008F5}"
EndProject
Project("{FAE04EC0-301F-11D3-BF4B-00C04F79EFBC}") = "Shooter(Final)", "Assembly-CSharp-Editor.csproj", "{A7EF4C2E-79A3-67C0-2F74-728C808CA6BF}"
EndProject
Global
	GlobalSection(SolutionConfigurationPlatforms) = preSolution
		Debug|Any CPU = Debug|Any CPU
		Release|Any CPU = Release|Any CPU
	EndGlobalSection
	GlobalSection(ProjectConfigurationPlatforms) = postSolution
		{A9873BFA-5B3C-C135-B81F-FAF4305267C8}.Debug|Any CPU.ActiveCfg = Debug|Any CPU
		{A9873BFA-5B3C-C135-B81F-FAF4305267C8}.Debug|Any CPU.Build.0 = Debug|Any CPU
		{A9873BFA-5B3C-C135-B81F-FAF4305267C8}.Release|Any CPU.ActiveCfg = Release|Any CPU
		{A9873BFA-5B3C-C135-B81F-FAF4305267C8}.Release|Any CPU.Build.0 = Release|Any CPU
		{A73D2B2B-9754-E6AB-0EDB-E7BBE4D008F5}.Debug|Any CPU.ActiveCfg = Debug|Any CPU
		{A73D2B2B-9754-E6AB-0EDB-E7BBE4D008F5}.Debug|Any CPU.Build.0 = Debug|Any CPU
		{A73D2B2B-9754-E6AB-0EDB-E7BBE4D008F5}.Release|Any CPU.ActiveCfg = Release|Any CPU
		{A73D2B2B-9754-E6AB-0EDB-E7BBE4D008F5}.Release|Any CPU.Build.0 = Release|Any CPU
		{A7EF4C2E-79A3-67C0-2F74-728C808CA6BF}.Debug|Any CPU.ActiveCfg = Debug|Any CPU
		{A7EF4C2E-79A3-67C0-2F74-728C808CA6BF}.Debug|Any CPU.Build.0 = Debug|Any CPU
		{A7EF4C2E-79A3-67C0-2F74-728C808CA6BF}.Release|Any CPU.ActiveCfg = Release|Any CPU
		{A7EF4C2E-79A3-67C0-2F74-728C808CA6BF}.Release|Any CPU.Build.0 = Release|Any CPU
	EndGlobalSection
	GlobalSection(SolutionProperties) = preSolution
		HideSolutionNode = FALSE
	EndGlobalSection
	GlobalSection(MonoDevelopProperties) = preSolution
		StartupItem = Assembly-CSharp.csproj
	EndGlobalSection
EndGlobal
