
Microsoft Visual Studio Solution File, Format Version 11.00
# Visual Studio 2010
Project("{FAE04EC0-301F-11D3-BF4B-00C04F79EFBC}") = "Shooter(Final2) - copia", "Assembly-CSharp.csproj", "{A946A0C0-0926-A58E-5D41-C5B9D6D97F87}"
EndProject
Project("{FAE04EC0-301F-11D3-BF4B-00C04F79EFBC}") = "Shooter(Final2) - copia", "Assembly-CSharp-firstpass.csproj", "{0A3FDDB1-4A02-A25F-C729-00747916EBB2}"
EndProject
Project("{FAE04EC0-301F-11D3-BF4B-00C04F79EFBC}") = "Shooter(Final2) - copia", "Assembly-CSharp-Editor.csproj", "{A7EB2C8E-5370-B327-C98E-759D29DA1459}"
EndProject
Global
	GlobalSection(SolutionConfigurationPlatforms) = preSolution
		Debug|Any CPU = Debug|Any CPU
		Release|Any CPU = Release|Any CPU
	EndGlobalSection
	GlobalSection(ProjectConfigurationPlatforms) = postSolution
		{A946A0C0-0926-A58E-5D41-C5B9D6D97F87}.Debug|Any CPU.ActiveCfg = Debug|Any CPU
		{A946A0C0-0926-A58E-5D41-C5B9D6D97F87}.Debug|Any CPU.Build.0 = Debug|Any CPU
		{A946A0C0-0926-A58E-5D41-C5B9D6D97F87}.Release|Any CPU.ActiveCfg = Release|Any CPU
		{A946A0C0-0926-A58E-5D41-C5B9D6D97F87}.Release|Any CPU.Build.0 = Release|Any CPU
		{0A3FDDB1-4A02-A25F-C729-00747916EBB2}.Debug|Any CPU.ActiveCfg = Debug|Any CPU
		{0A3FDDB1-4A02-A25F-C729-00747916EBB2}.Debug|Any CPU.Build.0 = Debug|Any CPU
		{0A3FDDB1-4A02-A25F-C729-00747916EBB2}.Release|Any CPU.ActiveCfg = Release|Any CPU
		{0A3FDDB1-4A02-A25F-C729-00747916EBB2}.Release|Any CPU.Build.0 = Release|Any CPU
		{A7EB2C8E-5370-B327-C98E-759D29DA1459}.Debug|Any CPU.ActiveCfg = Debug|Any CPU
		{A7EB2C8E-5370-B327-C98E-759D29DA1459}.Debug|Any CPU.Build.0 = Debug|Any CPU
		{A7EB2C8E-5370-B327-C98E-759D29DA1459}.Release|Any CPU.ActiveCfg = Release|Any CPU
		{A7EB2C8E-5370-B327-C98E-759D29DA1459}.Release|Any CPU.Build.0 = Release|Any CPU
	EndGlobalSection
	GlobalSection(SolutionProperties) = preSolution
		HideSolutionNode = FALSE
	EndGlobalSection
	GlobalSection(MonoDevelopProperties) = preSolution
		StartupItem = Assembly-CSharp.csproj
	EndGlobalSection
EndGlobal
